
Microsoft Visual Studio Solution File, Format Version 12.00
Project("{FAE04EC0-301F-11D3-BF4B-00C04F79EFBC}") = "Sportradar.ConsoleApp", "Sportradar.ConsoleApp\Sportradar.ConsoleApp.csproj", "{4DE4C30E-5119-4491-B3BA-06A18B303124}"
EndProject
Project("{FAE04EC0-301F-11D3-BF4B-00C04F79EFBC}") = "Sportradar.Library", "Sportradar.Library\Sportradar.Library.csproj", "{209FBA26-8935-4D64-A6B8-D63B1F5A8B03}"
EndProject
Global
	GlobalSection(SolutionConfigurationPlatforms) = preSolution
		Debug|Any CPU = Debug|Any CPU
		Release|Any CPU = Release|Any CPU
	EndGlobalSection
	GlobalSection(ProjectConfigurationPlatforms) = postSolution
		{4DE4C30E-5119-4491-B3BA-06A18B303124}.Debug|Any CPU.ActiveCfg = Debug|Any CPU
		{4DE4C30E-5119-4491-B3BA-06A18B303124}.Debug|Any CPU.Build.0 = Debug|Any CPU
		{4DE4C30E-5119-4491-B3BA-06A18B303124}.Release|Any CPU.ActiveCfg = Release|Any CPU
		{4DE4C30E-5119-4491-B3BA-06A18B303124}.Release|Any CPU.Build.0 = Release|Any CPU
		{209FBA26-8935-4D64-A6B8-D63B1F5A8B03}.Debug|Any CPU.ActiveCfg = Debug|Any CPU
		{209FBA26-8935-4D64-A6B8-D63B1F5A8B03}.Debug|Any CPU.Build.0 = Debug|Any CPU
		{209FBA26-8935-4D64-A6B8-D63B1F5A8B03}.Release|Any CPU.ActiveCfg = Release|Any CPU
		{209FBA26-8935-4D64-A6B8-D63B1F5A8B03}.Release|Any CPU.Build.0 = Release|Any CPU
	EndGlobalSection
EndGlobal
